// !$*UTF8*$!
{
	archiveVersion = 1;
	classes = {
	};
	objectVersion = 56;
	objects = {

/* Begin PBXBuildFile section */
		FC3DB1DA2A5170B500B4CB47 /* TestStatus.swift in Sources */ = {isa = PBXBuildFile; fileRef = FC3DB1D92A5170B500B4CB47 /* TestStatus.swift */; };
		FC3DB1DC2A5173D600B4CB47 /* RefreshDataType.swift in Sources */ = {isa = PBXBuildFile; fileRef = FC3DB1DB2A5173D600B4CB47 /* RefreshDataType.swift */; };
		FC3DB1DF2A52A2FD00B4CB47 /* AddPatientViewController.swift in Sources */ = {isa = PBXBuildFile; fileRef = FC3DB1DE2A52A2FD00B4CB47 /* AddPatientViewController.swift */; };
		FC3DB1E62A52E74B00B4CB47 /* HomePageViewModel.swift in Sources */ = {isa = PBXBuildFile; fileRef = FC3DB1E52A52E74B00B4CB47 /* HomePageViewModel.swift */; };
		FC3DB1EA2A541E9900B4CB47 /* TableCellView.swift in Sources */ = {isa = PBXBuildFile; fileRef = FC3DB1E92A541E9900B4CB47 /* TableCellView.swift */; };
		FC3DB1ED2A54598700B4CB47 /* AddPatient.storyboard in Resources */ = {isa = PBXBuildFile; fileRef = FC3DB1EC2A54598600B4CB47 /* AddPatient.storyboard */; };
		FC7CFB432A507D9C00088CD5 /* AppDelegate.swift in Sources */ = {isa = PBXBuildFile; fileRef = FC7CFB422A507D9C00088CD5 /* AppDelegate.swift */; };
		FC7CFB452A507D9C00088CD5 /* HomePageViewController.swift in Sources */ = {isa = PBXBuildFile; fileRef = FC7CFB442A507D9C00088CD5 /* HomePageViewController.swift */; };
		FC7CFB472A507D9D00088CD5 /* Assets.xcassets in Resources */ = {isa = PBXBuildFile; fileRef = FC7CFB462A507D9D00088CD5 /* Assets.xcassets */; };
		FC7CFB4A2A507D9D00088CD5 /* Main.storyboard in Resources */ = {isa = PBXBuildFile; fileRef = FC7CFB482A507D9D00088CD5 /* Main.storyboard */; };
		FC7CFB532A50D19200088CD5 /* Patient.swift in Sources */ = {isa = PBXBuildFile; fileRef = FC7CFB522A50D19200088CD5 /* Patient.swift */; };
		FC7CFB552A50D1F600088CD5 /* TestType.swift in Sources */ = {isa = PBXBuildFile; fileRef = FC7CFB542A50D1F600088CD5 /* TestType.swift */; };
/* End PBXBuildFile section */

/* Begin PBXFileReference section */
		FC3DB1D92A5170B500B4CB47 /* TestStatus.swift */ = {isa = PBXFileReference; lastKnownFileType = sourcecode.swift; path = TestStatus.swift; sourceTree = "<group>"; };
		FC3DB1DB2A5173D600B4CB47 /* RefreshDataType.swift */ = {isa = PBXFileReference; lastKnownFileType = sourcecode.swift; path = RefreshDataType.swift; sourceTree = "<group>"; };
		FC3DB1DE2A52A2FD00B4CB47 /* AddPatientViewController.swift */ = {isa = PBXFileReference; lastKnownFileType = sourcecode.swift; path = AddPatientViewController.swift; sourceTree = "<group>"; };
		FC3DB1E52A52E74B00B4CB47 /* HomePageViewModel.swift */ = {isa = PBXFileReference; lastKnownFileType = sourcecode.swift; path = HomePageViewModel.swift; sourceTree = "<group>"; };
		FC3DB1E92A541E9900B4CB47 /* TableCellView.swift */ = {isa = PBXFileReference; lastKnownFileType = sourcecode.swift; path = TableCellView.swift; sourceTree = "<group>"; };
		FC3DB1EC2A54598600B4CB47 /* AddPatient.storyboard */ = {isa = PBXFileReference; lastKnownFileType = file.storyboard; path = AddPatient.storyboard; sourceTree = "<group>"; };
		FC7CFB3F2A507D9C00088CD5 /* TrainingAppCorona.app */ = {isa = PBXFileReference; explicitFileType = wrapper.application; includeInIndex = 0; path = TrainingAppCorona.app; sourceTree = BUILT_PRODUCTS_DIR; };
		FC7CFB422A507D9C00088CD5 /* AppDelegate.swift */ = {isa = PBXFileReference; lastKnownFileType = sourcecode.swift; path = AppDelegate.swift; sourceTree = "<group>"; };
		FC7CFB442A507D9C00088CD5 /* HomePageViewController.swift */ = {isa = PBXFileReference; lastKnownFileType = sourcecode.swift; path = HomePageViewController.swift; sourceTree = "<group>"; };
		FC7CFB462A507D9D00088CD5 /* Assets.xcassets */ = {isa = PBXFileReference; lastKnownFileType = folder.assetcatalog; path = Assets.xcassets; sourceTree = "<group>"; };
		FC7CFB492A507D9D00088CD5 /* Base */ = {isa = PBXFileReference; lastKnownFileType = file.storyboard; name = Base; path = Base.lproj/Main.storyboard; sourceTree = "<group>"; };
		FC7CFB4B2A507D9D00088CD5 /* TrainingAppCorona.entitlements */ = {isa = PBXFileReference; lastKnownFileType = text.plist.entitlements; path = TrainingAppCorona.entitlements; sourceTree = "<group>"; };
		FC7CFB522A50D19200088CD5 /* Patient.swift */ = {isa = PBXFileReference; lastKnownFileType = sourcecode.swift; path = Patient.swift; sourceTree = "<group>"; };
		FC7CFB542A50D1F600088CD5 /* TestType.swift */ = {isa = PBXFileReference; lastKnownFileType = sourcecode.swift; path = TestType.swift; sourceTree = "<group>"; };
/* End PBXFileReference section */

/* Begin PBXFrameworksBuildPhase section */
		FC7CFB3C2A507D9C00088CD5 /* Frameworks */ = {
			isa = PBXFrameworksBuildPhase;
			buildActionMask = 2147483647;
			files = (
			);
			runOnlyForDeploymentPostprocessing = 0;
		};
/* End PBXFrameworksBuildPhase section */

/* Begin PBXGroup section */
		FC3DB1E72A52F36000B4CB47 /* HomePage */ = {
			isa = PBXGroup;
			children = (
				FC3DB1E52A52E74B00B4CB47 /* HomePageViewModel.swift */,
				FC7CFB442A507D9C00088CD5 /* HomePageViewController.swift */,
			);
			path = HomePage;
			sourceTree = "<group>";
		};
		FC3DB1E82A52F38F00B4CB47 /* AddPatient */ = {
			isa = PBXGroup;
			children = (
				FC3DB1DE2A52A2FD00B4CB47 /* AddPatientViewController.swift */,
				FC3DB1EC2A54598600B4CB47 /* AddPatient.storyboard */,
			);
			path = AddPatient;
			sourceTree = "<group>";
		};
		FC3DB1EB2A542F5200B4CB47 /* PatientTable */ = {
			isa = PBXGroup;
			children = (
				FC3DB1E92A541E9900B4CB47 /* TableCellView.swift */,
			);
			path = PatientTable;
			sourceTree = "<group>";
		};
		FC7CFB362A507D9C00088CD5 = {
			isa = PBXGroup;
			children = (
				FC7CFB412A507D9C00088CD5 /* TrainingAppCorona */,
				FC7CFB402A507D9C00088CD5 /* Products */,
			);
			sourceTree = "<group>";
		};
		FC7CFB402A507D9C00088CD5 /* Products */ = {
			isa = PBXGroup;
			children = (
				FC7CFB3F2A507D9C00088CD5 /* TrainingAppCorona.app */,
			);
			name = Products;
			sourceTree = "<group>";
		};
		FC7CFB412A507D9C00088CD5 /* TrainingAppCorona */ = {
			isa = PBXGroup;
			children = (
				FC3DB1E72A52F36000B4CB47 /* HomePage */,
				FC3DB1EB2A542F5200B4CB47 /* PatientTable */,
				FC3DB1E82A52F38F00B4CB47 /* AddPatient */,
				FC7CFB512A50D16E00088CD5 /* Models */,
				FC7CFB422A507D9C00088CD5 /* AppDelegate.swift */,
				FC7CFB462A507D9D00088CD5 /* Assets.xcassets */,
				FC7CFB482A507D9D00088CD5 /* Main.storyboard */,
				FC7CFB4B2A507D9D00088CD5 /* TrainingAppCorona.entitlements */,
			);
			path = TrainingAppCorona;
			sourceTree = "<group>";
		};
		FC7CFB512A50D16E00088CD5 /* Models */ = {
			isa = PBXGroup;
			children = (
				FC3DB1DB2A5173D600B4CB47 /* RefreshDataType.swift */,
				FC3DB1D92A5170B500B4CB47 /* TestStatus.swift */,
				FC7CFB542A50D1F600088CD5 /* TestType.swift */,
				FC7CFB522A50D19200088CD5 /* Patient.swift */,
			);
			path = Models;
			sourceTree = "<group>";
		};
/* End PBXGroup section */

/* Begin PBXNativeTarget section */
		FC7CFB3E2A507D9C00088CD5 /* TrainingAppCorona */ = {
			isa = PBXNativeTarget;
			buildConfigurationList = FC7CFB4E2A507D9D00088CD5 /* Build configuration list for PBXNativeTarget "TrainingAppCorona" */;
			buildPhases = (
				FC7CFB3B2A507D9C00088CD5 /* Sources */,
				FC7CFB3C2A507D9C00088CD5 /* Frameworks */,
				FC7CFB3D2A507D9C00088CD5 /* Resources */,
			);
			buildRules = (
			);
			dependencies = (
			);
			name = TrainingAppCorona;
			productName = TrainingAppCorona;
			productReference = FC7CFB3F2A507D9C00088CD5 /* TrainingAppCorona.app */;
			productType = "com.apple.product-type.application";
		};
/* End PBXNativeTarget section */

/* Begin PBXProject section */
		FC7CFB372A507D9C00088CD5 /* Project object */ = {
			isa = PBXProject;
			attributes = {
				BuildIndependentTargetsInParallel = 1;
				LastSwiftUpdateCheck = 1420;
				LastUpgradeCheck = 1420;
				TargetAttributes = {
					FC7CFB3E2A507D9C00088CD5 = {
						CreatedOnToolsVersion = 14.2;
					};
				};
			};
			buildConfigurationList = FC7CFB3A2A507D9C00088CD5 /* Build configuration list for PBXProject "TrainingAppCorona" */;
			compatibilityVersion = "Xcode 14.0";
			developmentRegion = en;
			hasScannedForEncodings = 0;
			knownRegions = (
				en,
				Base,
			);
			mainGroup = FC7CFB362A507D9C00088CD5;
			productRefGroup = FC7CFB402A507D9C00088CD5 /* Products */;
			projectDirPath = "";
			projectRoot = "";
			targets = (
				FC7CFB3E2A507D9C00088CD5 /* TrainingAppCorona */,
			);
		};
/* End PBXProject section */

/* Begin PBXResourcesBuildPhase section */
		FC7CFB3D2A507D9C00088CD5 /* Resources */ = {
			isa = PBXResourcesBuildPhase;
			buildActionMask = 2147483647;
			files = (
				FC3DB1ED2A54598700B4CB47 /* AddPatient.storyboard in Resources */,
				FC7CFB472A507D9D00088CD5 /* Assets.xcassets in Resources */,
				FC7CFB4A2A507D9D00088CD5 /* Main.storyboard in Resources */,
			);
			runOnlyForDeploymentPostprocessing = 0;
		};
/* End PBXResourcesBuildPhase section */

/* Begin PBXSourcesBuildPhase section */
		FC7CFB3B2A507D9C00088CD5 /* Sources */ = {
			isa = PBXSourcesBuildPhase;
			buildActionMask = 2147483647;
			files = (
				FC7CFB452A507D9C00088CD5 /* HomePageViewController.swift in Sources */,
				FC3DB1DF2A52A2FD00B4CB47 /* AddPatientViewController.swift in Sources */,
				FC3DB1E62A52E74B00B4CB47 /* HomePageViewModel.swift in Sources */,
				FC7CFB432A507D9C00088CD5 /* AppDelegate.swift in Sources */,
				FC3DB1EA2A541E9900B4CB47 /* TableCellView.swift in Sources */,
				FC7CFB532A50D19200088CD5 /* Patient.swift in Sources */,
				FC3DB1DA2A5170B500B4CB47 /* TestStatus.swift in Sources */,
				FC7CFB552A50D1F600088CD5 /* TestType.swift in Sources */,
				FC3DB1DC2A5173D600B4CB47 /* RefreshDataType.swift in Sources */,
			);
			runOnlyForDeploymentPostprocessing = 0;
		};
/* End PBXSourcesBuildPhase section */

/* Begin PBXVariantGroup section */
		FC7CFB482A507D9D00088CD5 /* Main.storyboard */ = {
			isa = PBXVariantGroup;
			children = (
				FC7CFB492A507D9D00088CD5 /* Base */,
			);
			name = Main.storyboard;
			sourceTree = "<group>";
		};
/* End PBXVariantGroup section */

/* Begin XCBuildConfiguration section */
		FC7CFB4C2A507D9D00088CD5 /* Debug */ = {
			isa = XCBuildConfiguration;
			buildSettings = {
				ALWAYS_SEARCH_USER_PATHS = NO;
				CLANG_ANALYZER_NONNULL = YES;
				CLANG_ANALYZER_NUMBER_OBJECT_CONVERSION = YES_AGGRESSIVE;
				CLANG_CXX_LANGUAGE_STANDARD = "gnu++20";
				CLANG_ENABLE_MODULES = YES;
				CLANG_ENABLE_OBJC_ARC = YES;
				CLANG_ENABLE_OBJC_WEAK = YES;
				CLANG_WARN_BLOCK_CAPTURE_AUTORELEASING = YES;
				CLANG_WARN_BOOL_CONVERSION = YES;
				CLANG_WARN_COMMA = YES;
				CLANG_WARN_CONSTANT_CONVERSION = YES;
				CLANG_WARN_DEPRECATED_OBJC_IMPLEMENTATIONS = YES;
				CLANG_WARN_DIRECT_OBJC_ISA_USAGE = YES_ERROR;
				CLANG_WARN_DOCUMENTATION_COMMENTS = YES;
				CLANG_WARN_EMPTY_BODY = YES;
				CLANG_WARN_ENUM_CONVERSION = YES;
				CLANG_WARN_INFINITE_RECURSION = YES;
				CLANG_WARN_INT_CONVERSION = YES;
				CLANG_WARN_NON_LITERAL_NULL_CONVERSION = YES;
				CLANG_WARN_OBJC_IMPLICIT_RETAIN_SELF = YES;
				CLANG_WARN_OBJC_LITERAL_CONVERSION = YES;
				CLANG_WARN_OBJC_ROOT_CLASS = YES_ERROR;
				CLANG_WARN_QUOTED_INCLUDE_IN_FRAMEWORK_HEADER = YES;
				CLANG_WARN_RANGE_LOOP_ANALYSIS = YES;
				CLANG_WARN_STRICT_PROTOTYPES = YES;
				CLANG_WARN_SUSPICIOUS_MOVE = YES;
				CLANG_WARN_UNGUARDED_AVAILABILITY = YES_AGGRESSIVE;
				CLANG_WARN_UNREACHABLE_CODE = YES;
				CLANG_WARN__DUPLICATE_METHOD_MATCH = YES;
				COPY_PHASE_STRIP = NO;
				DEBUG_INFORMATION_FORMAT = dwarf;
				ENABLE_STRICT_OBJC_MSGSEND = YES;
				ENABLE_TESTABILITY = YES;
				GCC_C_LANGUAGE_STANDARD = gnu11;
				GCC_DYNAMIC_NO_PIC = NO;
				GCC_NO_COMMON_BLOCKS = YES;
				GCC_OPTIMIZATION_LEVEL = 0;
				GCC_PREPROCESSOR_DEFINITIONS = (
					"DEBUG=1",
					"$(inherited)",
				);
				GCC_WARN_64_TO_32_BIT_CONVERSION = YES;
				GCC_WARN_ABOUT_RETURN_TYPE = YES_ERROR;
				GCC_WARN_UNDECLARED_SELECTOR = YES;
				GCC_WARN_UNINITIALIZED_AUTOS = YES_AGGRESSIVE;
				GCC_WARN_UNUSED_FUNCTION = YES;
				GCC_WARN_UNUSED_VARIABLE = YES;
				MACOSX_DEPLOYMENT_TARGET = 13.1;
				MTL_ENABLE_DEBUG_INFO = INCLUDE_SOURCE;
				MTL_FAST_MATH = YES;
				ONLY_ACTIVE_ARCH = YES;
				SDKROOT = macosx;
				SWIFT_ACTIVE_COMPILATION_CONDITIONS = DEBUG;
				SWIFT_OPTIMIZATION_LEVEL = "-Onone";
			};
			name = Debug;
		};
		FC7CFB4D2A507D9D00088CD5 /* Release */ = {
			isa = XCBuildConfiguration;
			buildSettings = {
				ALWAYS_SEARCH_USER_PATHS = NO;
				CLANG_ANALYZER_NONNULL = YES;
				CLANG_ANALYZER_NUMBER_OBJECT_CONVERSION = YES_AGGRESSIVE;
				CLANG_CXX_LANGUAGE_STANDARD = "gnu++20";
				CLANG_ENABLE_MODULES = YES;
				CLANG_ENABLE_OBJC_ARC = YES;
				CLANG_ENABLE_OBJC_WEAK = YES;
				CLANG_WARN_BLOCK_CAPTURE_AUTORELEASING = YES;
				CLANG_WARN_BOOL_CONVERSION = YES;
				CLANG_WARN_COMMA = YES;
				CLANG_WARN_CONSTANT_CONVERSION = YES;
				CLANG_WARN_DEPRECATED_OBJC_IMPLEMENTATIONS = YES;
				CLANG_WARN_DIRECT_OBJC_ISA_USAGE = YES_ERROR;
				CLANG_WARN_DOCUMENTATION_COMMENTS = YES;
				CLANG_WARN_EMPTY_BODY = YES;
				CLANG_WARN_ENUM_CONVERSION = YES;
				CLANG_WARN_INFINITE_RECURSION = YES;
				CLANG_WARN_INT_CONVERSION = YES;
				CLANG_WARN_NON_LITERAL_NULL_CONVERSION = YES;
				CLANG_WARN_OBJC_IMPLICIT_RETAIN_SELF = YES;
				CLANG_WARN_OBJC_LITERAL_CONVERSION = YES;
				CLANG_WARN_OBJC_ROOT_CLASS = YES_ERROR;
				CLANG_WARN_QUOTED_INCLUDE_IN_FRAMEWORK_HEADER = YES;
				CLANG_WARN_RANGE_LOOP_ANALYSIS = YES;
				CLANG_WARN_STRICT_PROTOTYPES = YES;
				CLANG_WARN_SUSPICIOUS_MOVE = YES;
				CLANG_WARN_UNGUARDED_AVAILABILITY = YES_AGGRESSIVE;
				CLANG_WARN_UNREACHABLE_CODE = YES;
				CLANG_WARN__DUPLICATE_METHOD_MATCH = YES;
				COPY_PHASE_STRIP = NO;
				DEBUG_INFORMATION_FORMAT = "dwarf-with-dsym";
				ENABLE_NS_ASSERTIONS = NO;
				ENABLE_STRICT_OBJC_MSGSEND = YES;
				GCC_C_LANGUAGE_STANDARD = gnu11;
				GCC_NO_COMMON_BLOCKS = YES;
				GCC_WARN_64_TO_32_BIT_CONVERSION = YES;
				GCC_WARN_ABOUT_RETURN_TYPE = YES_ERROR;
				GCC_WARN_UNDECLARED_SELECTOR = YES;
				GCC_WARN_UNINITIALIZED_AUTOS = YES_AGGRESSIVE;
				GCC_WARN_UNUSED_FUNCTION = YES;
				GCC_WARN_UNUSED_VARIABLE = YES;
				MACOSX_DEPLOYMENT_TARGET = 13.1;
				MTL_ENABLE_DEBUG_INFO = NO;
				MTL_FAST_MATH = YES;
				SDKROOT = macosx;
				SWIFT_COMPILATION_MODE = wholemodule;
				SWIFT_OPTIMIZATION_LEVEL = "-O";
			};
			name = Release;
		};
		FC7CFB4F2A507D9D00088CD5 /* Debug */ = {
			isa = XCBuildConfiguration;
			buildSettings = {
				ASSETCATALOG_COMPILER_APPICON_NAME = AppIcon;
				ASSETCATALOG_COMPILER_GLOBAL_ACCENT_COLOR_NAME = AccentColor;
				CODE_SIGN_ENTITLEMENTS = TrainingAppCorona/TrainingAppCorona.entitlements;
				CODE_SIGN_STYLE = Automatic;
				COMBINE_HIDPI_IMAGES = YES;
				CURRENT_PROJECT_VERSION = 1;
				GENERATE_INFOPLIST_FILE = YES;
				INFOPLIST_KEY_NSHumanReadableCopyright = "";
				INFOPLIST_KEY_NSMainStoryboardFile = Main;
				INFOPLIST_KEY_NSPrincipalClass = NSApplication;
				LD_RUNPATH_SEARCH_PATHS = (
					"$(inherited)",
					"@executable_path/../Frameworks",
				);
				MARKETING_VERSION = 1.0;
				PRODUCT_BUNDLE_IDENTIFIER = Training.TrainingAppCorona;
				PRODUCT_NAME = "$(TARGET_NAME)";
				SWIFT_EMIT_LOC_STRINGS = YES;
				SWIFT_VERSION = 5.0;
			};
			name = Debug;
		};
		FC7CFB502A507D9D00088CD5 /* Release */ = {
			isa = XCBuildConfiguration;
			buildSettings = {
				ASSETCATALOG_COMPILER_APPICON_NAME = AppIcon;
				ASSETCATALOG_COMPILER_GLOBAL_ACCENT_COLOR_NAME = AccentColor;
				CODE_SIGN_ENTITLEMENTS = TrainingAppCorona/TrainingAppCorona.entitlements;
				CODE_SIGN_STYLE = Automatic;
				COMBINE_HIDPI_IMAGES = YES;
				CURRENT_PROJECT_VERSION = 1;
				GENERATE_INFOPLIST_FILE = YES;
				INFOPLIST_KEY_NSHumanReadableCopyright = "";
				INFOPLIST_KEY_NSMainStoryboardFile = Main;
				INFOPLIST_KEY_NSPrincipalClass = NSApplication;
				LD_RUNPATH_SEARCH_PATHS = (
					"$(inherited)",
					"@executable_path/../Frameworks",
				);
				MARKETING_VERSION = 1.0;
				PRODUCT_BUNDLE_IDENTIFIER = Training.TrainingAppCorona;
				PRODUCT_NAME = "$(TARGET_NAME)";
				SWIFT_EMIT_LOC_STRINGS = YES;
				SWIFT_VERSION = 5.0;
			};
			name = Release;
		};
/* End XCBuildConfiguration section */

/* Begin XCConfigurationList section */
		FC7CFB3A2A507D9C00088CD5 /* Build configuration list for PBXProject "TrainingAppCorona" */ = {
			isa = XCConfigurationList;
			buildConfigurations = (
				FC7CFB4C2A507D9D00088CD5 /* Debug */,
				FC7CFB4D2A507D9D00088CD5 /* Release */,
			);
			defaultConfigurationIsVisible = 0;
			defaultConfigurationName = Release;
		};
		FC7CFB4E2A507D9D00088CD5 /* Build configuration list for PBXNativeTarget "TrainingAppCorona" */ = {
			isa = XCConfigurationList;
			buildConfigurations = (
				FC7CFB4F2A507D9D00088CD5 /* Debug */,
				FC7CFB502A507D9D00088CD5 /* Release */,
			);
			defaultConfigurationIsVisible = 0;
			defaultConfigurationName = Release;
		};
/* End XCConfigurationList section */
	};
	rootObject = FC7CFB372A507D9C00088CD5 /* Project object */;
}
